// !$*UTF8*$!
{
	archiveVersion = 1;
	classes = {
	};
	objectVersion = 56;
	objects = {

/* Begin PBXBuildFile section */
		13610F0E2A7CDBEC00489377 /* OverviewNavBar.swift in Sources */ = {isa = PBXBuildFile; fileRef = 13610F0D2A7CDBEC00489377 /* OverviewNavBar.swift */; };
		13610F102A7CDC7900489377 /* BaseView.swift in Sources */ = {isa = PBXBuildFile; fileRef = 13610F0F2A7CDC7900489377 /* BaseView.swift */; };
		13C6636B2A7A68AD004CEB43 /* NavBarController.swift in Sources */ = {isa = PBXBuildFile; fileRef = 13C6636A2A7A68AD004CEB43 /* NavBarController.swift */; };
		13C6636F2A7A6DA1004CEB43 /* BaseController.swift in Sources */ = {isa = PBXBuildFile; fileRef = 13C6636E2A7A6DA1004CEB43 /* BaseController.swift */; };
		13C663712A7A7456004CEB43 /* UIView + ext.swift in Sources */ = {isa = PBXBuildFile; fileRef = 13C663702A7A7456004CEB43 /* UIView + ext.swift */; };
		13C663782A7A75B0004CEB43 /* SessionController.swift in Sources */ = {isa = PBXBuildFile; fileRef = 13C663772A7A75B0004CEB43 /* SessionController.swift */; };
		13C6637A2A7A75E0004CEB43 /* ProgressController.swift in Sources */ = {isa = PBXBuildFile; fileRef = 13C663792A7A75E0004CEB43 /* ProgressController.swift */; };
		13C6637C2A7A75EE004CEB43 /* SettingsController.swift in Sources */ = {isa = PBXBuildFile; fileRef = 13C6637B2A7A75EE004CEB43 /* SettingsController.swift */; };
		13C9F1332A73EEA800592359 /* AppDelegate.swift in Sources */ = {isa = PBXBuildFile; fileRef = 13C9F1322A73EEA800592359 /* AppDelegate.swift */; };
		13C9F1352A73EEA800592359 /* SceneDelegate.swift in Sources */ = {isa = PBXBuildFile; fileRef = 13C9F1342A73EEA800592359 /* SceneDelegate.swift */; };
		13C9F1372A73EEA800592359 /* OverviewController.swift in Sources */ = {isa = PBXBuildFile; fileRef = 13C9F1362A73EEA800592359 /* OverviewController.swift */; };
		13C9F13C2A73EEA900592359 /* Assets.xcassets in Resources */ = {isa = PBXBuildFile; fileRef = 13C9F13B2A73EEA900592359 /* Assets.xcassets */; };
		13C9F13F2A73EEA900592359 /* LaunchScreen.storyboard in Resources */ = {isa = PBXBuildFile; fileRef = 13C9F13D2A73EEA900592359 /* LaunchScreen.storyboard */; };
		13C9F1492A73F12700592359 /* TabBarController.swift in Sources */ = {isa = PBXBuildFile; fileRef = 13C9F1482A73F12700592359 /* TabBarController.swift */; };
		13C9F14C2A73F34000592359 /* UIColor + ext.swift in Sources */ = {isa = PBXBuildFile; fileRef = 13C9F14B2A73F33F00592359 /* UIColor + ext.swift */; };
		13C9F14F2A73F3DC00592359 /* Resources.swift in Sources */ = {isa = PBXBuildFile; fileRef = 13C9F14E2A73F3DC00592359 /* Resources.swift */; };
		13FB60BB2A7BE4220025CC19 /* SecondaryButton.swift in Sources */ = {isa = PBXBuildFile; fileRef = 13FB60BA2A7BE4220025CC19 /* SecondaryButton.swift */; };
/* End PBXBuildFile section */

/* Begin PBXFileReference section */
		13610F0D2A7CDBEC00489377 /* OverviewNavBar.swift */ = {isa = PBXFileReference; lastKnownFileType = sourcecode.swift; path = OverviewNavBar.swift; sourceTree = "<group>"; };
		13610F0F2A7CDC7900489377 /* BaseView.swift */ = {isa = PBXFileReference; lastKnownFileType = sourcecode.swift; path = BaseView.swift; sourceTree = "<group>"; };
		13C6636A2A7A68AD004CEB43 /* NavBarController.swift */ = {isa = PBXFileReference; lastKnownFileType = sourcecode.swift; path = NavBarController.swift; sourceTree = "<group>"; };
		13C6636E2A7A6DA1004CEB43 /* BaseController.swift */ = {isa = PBXFileReference; lastKnownFileType = sourcecode.swift; path = BaseController.swift; sourceTree = "<group>"; };
		13C663702A7A7456004CEB43 /* UIView + ext.swift */ = {isa = PBXFileReference; lastKnownFileType = sourcecode.swift; path = "UIView + ext.swift"; sourceTree = "<group>"; };
		13C663772A7A75B0004CEB43 /* SessionController.swift */ = {isa = PBXFileReference; lastKnownFileType = sourcecode.swift; path = SessionController.swift; sourceTree = "<group>"; };
		13C663792A7A75E0004CEB43 /* ProgressController.swift */ = {isa = PBXFileReference; lastKnownFileType = sourcecode.swift; path = ProgressController.swift; sourceTree = "<group>"; };
		13C6637B2A7A75EE004CEB43 /* SettingsController.swift */ = {isa = PBXFileReference; lastKnownFileType = sourcecode.swift; path = SettingsController.swift; sourceTree = "<group>"; };
		13C9F12F2A73EEA800592359 /* Workout.app */ = {isa = PBXFileReference; explicitFileType = wrapper.application; includeInIndex = 0; path = Workout.app; sourceTree = BUILT_PRODUCTS_DIR; };
		13C9F1322A73EEA800592359 /* AppDelegate.swift */ = {isa = PBXFileReference; lastKnownFileType = sourcecode.swift; path = AppDelegate.swift; sourceTree = "<group>"; };
		13C9F1342A73EEA800592359 /* SceneDelegate.swift */ = {isa = PBXFileReference; lastKnownFileType = sourcecode.swift; path = SceneDelegate.swift; sourceTree = "<group>"; };
		13C9F1362A73EEA800592359 /* OverviewController.swift */ = {isa = PBXFileReference; lastKnownFileType = sourcecode.swift; path = OverviewController.swift; sourceTree = "<group>"; };
		13C9F13B2A73EEA900592359 /* Assets.xcassets */ = {isa = PBXFileReference; lastKnownFileType = folder.assetcatalog; path = Assets.xcassets; sourceTree = "<group>"; };
		13C9F13E2A73EEA900592359 /* Base */ = {isa = PBXFileReference; lastKnownFileType = file.storyboard; name = Base; path = Base.lproj/LaunchScreen.storyboard; sourceTree = "<group>"; };
		13C9F1402A73EEA900592359 /* Info.plist */ = {isa = PBXFileReference; lastKnownFileType = text.plist.xml; path = Info.plist; sourceTree = "<group>"; };
		13C9F1482A73F12700592359 /* TabBarController.swift */ = {isa = PBXFileReference; lastKnownFileType = sourcecode.swift; path = TabBarController.swift; sourceTree = "<group>"; };
		13C9F14B2A73F33F00592359 /* UIColor + ext.swift */ = {isa = PBXFileReference; lastKnownFileType = sourcecode.swift; path = "UIColor + ext.swift"; sourceTree = "<group>"; };
		13C9F14E2A73F3DC00592359 /* Resources.swift */ = {isa = PBXFileReference; lastKnownFileType = sourcecode.swift; path = Resources.swift; sourceTree = "<group>"; };
		13FB60BA2A7BE4220025CC19 /* SecondaryButton.swift */ = {isa = PBXFileReference; lastKnownFileType = sourcecode.swift; path = SecondaryButton.swift; sourceTree = "<group>"; };
/* End PBXFileReference section */

/* Begin PBXFrameworksBuildPhase section */
		13C9F12C2A73EEA800592359 /* Frameworks */ = {
			isa = PBXFrameworksBuildPhase;
			buildActionMask = 2147483647;
			files = (
			);
			runOnlyForDeploymentPostprocessing = 0;
		};
/* End PBXFrameworksBuildPhase section */

/* Begin PBXGroup section */
		13C6636C2A7A6D6F004CEB43 /* Controllers */ = {
			isa = PBXGroup;
			children = (
				13C663732A7A7577004CEB43 /* Overview */,
				13C663742A7A757F004CEB43 /* Session */,
				13C663752A7A7585004CEB43 /* Progress */,
				13C663762A7A7591004CEB43 /* Settings */,
				13C663722A7A756C004CEB43 /* Base */,
			);
			path = Controllers;
			sourceTree = "<group>";
		};
		13C663722A7A756C004CEB43 /* Base */ = {
			isa = PBXGroup;
			children = (
				13C9F1482A73F12700592359 /* TabBarController.swift */,
				13C6636A2A7A68AD004CEB43 /* NavBarController.swift */,
				13C6636E2A7A6DA1004CEB43 /* BaseController.swift */,
				13610F0F2A7CDC7900489377 /* BaseView.swift */,
			);
			path = Base;
			sourceTree = "<group>";
		};
		13C663732A7A7577004CEB43 /* Overview */ = {
			isa = PBXGroup;
			children = (
				13FB60B92A7BE3DD0025CC19 /* Views */,
				13C9F1362A73EEA800592359 /* OverviewController.swift */,
			);
			path = Overview;
			sourceTree = "<group>";
		};
		13C663742A7A757F004CEB43 /* Session */ = {
			isa = PBXGroup;
			children = (
				13C663772A7A75B0004CEB43 /* SessionController.swift */,
			);
			path = Session;
			sourceTree = "<group>";
		};
		13C663752A7A7585004CEB43 /* Progress */ = {
			isa = PBXGroup;
			children = (
				13C663792A7A75E0004CEB43 /* ProgressController.swift */,
			);
			path = Progress;
			sourceTree = "<group>";
		};
		13C663762A7A7591004CEB43 /* Settings */ = {
			isa = PBXGroup;
			children = (
				13C6637B2A7A75EE004CEB43 /* SettingsController.swift */,
			);
			path = Settings;
			sourceTree = "<group>";
		};
		13C9F1262A73EEA800592359 = {
			isa = PBXGroup;
			children = (
				13C9F1312A73EEA800592359 /* Workout */,
				13C9F1302A73EEA800592359 /* Products */,
			);
			sourceTree = "<group>";
		};
		13C9F1302A73EEA800592359 /* Products */ = {
			isa = PBXGroup;
			children = (
				13C9F12F2A73EEA800592359 /* Workout.app */,
			);
			name = Products;
			sourceTree = "<group>";
		};
		13C9F1312A73EEA800592359 /* Workout */ = {
			isa = PBXGroup;
			children = (
				13C9F14A2A73F32700592359 /* Helpers */,
				13C9F1462A73EF6200592359 /* Application */,
				13C6636C2A7A6D6F004CEB43 /* Controllers */,
				13C9F1472A73EF8800592359 /* Supporting files */,
			);
			path = Workout;
			sourceTree = "<group>";
		};
		13C9F1462A73EF6200592359 /* Application */ = {
			isa = PBXGroup;
			children = (
				13C9F1322A73EEA800592359 /* AppDelegate.swift */,
				13C9F1342A73EEA800592359 /* SceneDelegate.swift */,
			);
			path = Application;
			sourceTree = "<group>";
		};
		13C9F1472A73EF8800592359 /* Supporting files */ = {
			isa = PBXGroup;
			children = (
				13C9F13B2A73EEA900592359 /* Assets.xcassets */,
				13C9F13D2A73EEA900592359 /* LaunchScreen.storyboard */,
				13C9F1402A73EEA900592359 /* Info.plist */,
			);
			path = "Supporting files";
			sourceTree = "<group>";
		};
		13C9F14A2A73F32700592359 /* Helpers */ = {
			isa = PBXGroup;
			children = (
				13C9F14D2A73F34500592359 /* Extensions */,
				13C9F14E2A73F3DC00592359 /* Resources.swift */,
			);
			path = Helpers;
			sourceTree = "<group>";
		};
		13C9F14D2A73F34500592359 /* Extensions */ = {
			isa = PBXGroup;
			children = (
				13C9F14B2A73F33F00592359 /* UIColor + ext.swift */,
				13C663702A7A7456004CEB43 /* UIView + ext.swift */,
			);
			path = Extensions;
			sourceTree = "<group>";
		};
		13FB60B92A7BE3DD0025CC19 /* Views */ = {
			isa = PBXGroup;
			children = (
				13FB60BA2A7BE4220025CC19 /* SecondaryButton.swift */,
				13610F0D2A7CDBEC00489377 /* OverviewNavBar.swift */,
			);
			path = Views;
			sourceTree = "<group>";
		};
/* End PBXGroup section */

/* Begin PBXNativeTarget section */
		13C9F12E2A73EEA800592359 /* Workout */ = {
			isa = PBXNativeTarget;
			buildConfigurationList = 13C9F1432A73EEA900592359 /* Build configuration list for PBXNativeTarget "Workout" */;
			buildPhases = (
				13C9F12B2A73EEA800592359 /* Sources */,
				13C9F12C2A73EEA800592359 /* Frameworks */,
				13C9F12D2A73EEA800592359 /* Resources */,
			);
			buildRules = (
			);
			dependencies = (
			);
			name = Workout;
			productName = Workout;
			productReference = 13C9F12F2A73EEA800592359 /* Workout.app */;
			productType = "com.apple.product-type.application";
		};
/* End PBXNativeTarget section */

/* Begin PBXProject section */
		13C9F1272A73EEA800592359 /* Project object */ = {
			isa = PBXProject;
			attributes = {
				BuildIndependentTargetsInParallel = 1;
				LastSwiftUpdateCheck = 1400;
				LastUpgradeCheck = 1400;
				TargetAttributes = {
					13C9F12E2A73EEA800592359 = {
						CreatedOnToolsVersion = 14.0.1;
					};
				};
			};
			buildConfigurationList = 13C9F12A2A73EEA800592359 /* Build configuration list for PBXProject "Workout" */;
			compatibilityVersion = "Xcode 14.0";
			developmentRegion = en;
			hasScannedForEncodings = 0;
			knownRegions = (
				en,
				Base,
			);
			mainGroup = 13C9F1262A73EEA800592359;
			productRefGroup = 13C9F1302A73EEA800592359 /* Products */;
			projectDirPath = "";
			projectRoot = "";
			targets = (
				13C9F12E2A73EEA800592359 /* Workout */,
			);
		};
/* End PBXProject section */

/* Begin PBXResourcesBuildPhase section */
		13C9F12D2A73EEA800592359 /* Resources */ = {
			isa = PBXResourcesBuildPhase;
			buildActionMask = 2147483647;
			files = (
				13C9F13F2A73EEA900592359 /* LaunchScreen.storyboard in Resources */,
				13C9F13C2A73EEA900592359 /* Assets.xcassets in Resources */,
			);
			runOnlyForDeploymentPostprocessing = 0;
		};
/* End PBXResourcesBuildPhase section */

/* Begin PBXSourcesBuildPhase section */
		13C9F12B2A73EEA800592359 /* Sources */ = {
			isa = PBXSourcesBuildPhase;
			buildActionMask = 2147483647;
			files = (
				13C6637C2A7A75EE004CEB43 /* SettingsController.swift in Sources */,
				13C9F1372A73EEA800592359 /* OverviewController.swift in Sources */,
				13C663712A7A7456004CEB43 /* UIView + ext.swift in Sources */,
				13C9F1492A73F12700592359 /* TabBarController.swift in Sources */,
				13C9F1332A73EEA800592359 /* AppDelegate.swift in Sources */,
				13C663782A7A75B0004CEB43 /* SessionController.swift in Sources */,
				13610F0E2A7CDBEC00489377 /* OverviewNavBar.swift in Sources */,
				13FB60BB2A7BE4220025CC19 /* SecondaryButton.swift in Sources */,
				13C6637A2A7A75E0004CEB43 /* ProgressController.swift in Sources */,
				13C6636B2A7A68AD004CEB43 /* NavBarController.swift in Sources */,
				13C9F14F2A73F3DC00592359 /* Resources.swift in Sources */,
				13C9F14C2A73F34000592359 /* UIColor + ext.swift in Sources */,
				13610F102A7CDC7900489377 /* BaseView.swift in Sources */,
				13C6636F2A7A6DA1004CEB43 /* BaseController.swift in Sources */,
				13C9F1352A73EEA800592359 /* SceneDelegate.swift in Sources */,
			);
			runOnlyForDeploymentPostprocessing = 0;
		};
/* End PBXSourcesBuildPhase section */

/* Begin PBXVariantGroup section */
		13C9F13D2A73EEA900592359 /* LaunchScreen.storyboard */ = {
			isa = PBXVariantGroup;
			children = (
				13C9F13E2A73EEA900592359 /* Base */,
			);
			name = LaunchScreen.storyboard;
			sourceTree = "<group>";
		};
/* End PBXVariantGroup section */

/* Begin XCBuildConfiguration section */
		13C9F1412A73EEA900592359 /* Debug */ = {
			isa = XCBuildConfiguration;
			buildSettings = {
				ALWAYS_SEARCH_USER_PATHS = NO;
				CLANG_ANALYZER_NONNULL = YES;
				CLANG_ANALYZER_NUMBER_OBJECT_CONVERSION = YES_AGGRESSIVE;
				CLANG_CXX_LANGUAGE_STANDARD = "gnu++20";
				CLANG_ENABLE_MODULES = YES;
				CLANG_ENABLE_OBJC_ARC = YES;
				CLANG_ENABLE_OBJC_WEAK = YES;
				CLANG_WARN_BLOCK_CAPTURE_AUTORELEASING = YES;
				CLANG_WARN_BOOL_CONVERSION = YES;
				CLANG_WARN_COMMA = YES;
				CLANG_WARN_CONSTANT_CONVERSION = YES;
				CLANG_WARN_DEPRECATED_OBJC_IMPLEMENTATIONS = YES;
				CLANG_WARN_DIRECT_OBJC_ISA_USAGE = YES_ERROR;
				CLANG_WARN_DOCUMENTATION_COMMENTS = YES;
				CLANG_WARN_EMPTY_BODY = YES;
				CLANG_WARN_ENUM_CONVERSION = YES;
				CLANG_WARN_INFINITE_RECURSION = YES;
				CLANG_WARN_INT_CONVERSION = YES;
				CLANG_WARN_NON_LITERAL_NULL_CONVERSION = YES;
				CLANG_WARN_OBJC_IMPLICIT_RETAIN_SELF = YES;
				CLANG_WARN_OBJC_LITERAL_CONVERSION = YES;
				CLANG_WARN_OBJC_ROOT_CLASS = YES_ERROR;
				CLANG_WARN_QUOTED_INCLUDE_IN_FRAMEWORK_HEADER = YES;
				CLANG_WARN_RANGE_LOOP_ANALYSIS = YES;
				CLANG_WARN_STRICT_PROTOTYPES = YES;
				CLANG_WARN_SUSPICIOUS_MOVE = YES;
				CLANG_WARN_UNGUARDED_AVAILABILITY = YES_AGGRESSIVE;
				CLANG_WARN_UNREACHABLE_CODE = YES;
				CLANG_WARN__DUPLICATE_METHOD_MATCH = YES;
				COPY_PHASE_STRIP = NO;
				DEBUG_INFORMATION_FORMAT = dwarf;
				ENABLE_STRICT_OBJC_MSGSEND = YES;
				ENABLE_TESTABILITY = YES;
				GCC_C_LANGUAGE_STANDARD = gnu11;
				GCC_DYNAMIC_NO_PIC = NO;
				GCC_NO_COMMON_BLOCKS = YES;
				GCC_OPTIMIZATION_LEVEL = 0;
				GCC_PREPROCESSOR_DEFINITIONS = (
					"DEBUG=1",
					"$(inherited)",
				);
				GCC_WARN_64_TO_32_BIT_CONVERSION = YES;
				GCC_WARN_ABOUT_RETURN_TYPE = YES_ERROR;
				GCC_WARN_UNDECLARED_SELECTOR = YES;
				GCC_WARN_UNINITIALIZED_AUTOS = YES_AGGRESSIVE;
				GCC_WARN_UNUSED_FUNCTION = YES;
				GCC_WARN_UNUSED_VARIABLE = YES;
				IPHONEOS_DEPLOYMENT_TARGET = 16.0;
				MTL_ENABLE_DEBUG_INFO = INCLUDE_SOURCE;
				MTL_FAST_MATH = YES;
				ONLY_ACTIVE_ARCH = YES;
				SDKROOT = iphoneos;
				SWIFT_ACTIVE_COMPILATION_CONDITIONS = DEBUG;
				SWIFT_OPTIMIZATION_LEVEL = "-Onone";
			};
			name = Debug;
		};
		13C9F1422A73EEA900592359 /* Release */ = {
			isa = XCBuildConfiguration;
			buildSettings = {
				ALWAYS_SEARCH_USER_PATHS = NO;
				CLANG_ANALYZER_NONNULL = YES;
				CLANG_ANALYZER_NUMBER_OBJECT_CONVERSION = YES_AGGRESSIVE;
				CLANG_CXX_LANGUAGE_STANDARD = "gnu++20";
				CLANG_ENABLE_MODULES = YES;
				CLANG_ENABLE_OBJC_ARC = YES;
				CLANG_ENABLE_OBJC_WEAK = YES;
				CLANG_WARN_BLOCK_CAPTURE_AUTORELEASING = YES;
				CLANG_WARN_BOOL_CONVERSION = YES;
				CLANG_WARN_COMMA = YES;
				CLANG_WARN_CONSTANT_CONVERSION = YES;
				CLANG_WARN_DEPRECATED_OBJC_IMPLEMENTATIONS = YES;
				CLANG_WARN_DIRECT_OBJC_ISA_USAGE = YES_ERROR;
				CLANG_WARN_DOCUMENTATION_COMMENTS = YES;
				CLANG_WARN_EMPTY_BODY = YES;
				CLANG_WARN_ENUM_CONVERSION = YES;
				CLANG_WARN_INFINITE_RECURSION = YES;
				CLANG_WARN_INT_CONVERSION = YES;
				CLANG_WARN_NON_LITERAL_NULL_CONVERSION = YES;
				CLANG_WARN_OBJC_IMPLICIT_RETAIN_SELF = YES;
				CLANG_WARN_OBJC_LITERAL_CONVERSION = YES;
				CLANG_WARN_OBJC_ROOT_CLASS = YES_ERROR;
				CLANG_WARN_QUOTED_INCLUDE_IN_FRAMEWORK_HEADER = YES;
				CLANG_WARN_RANGE_LOOP_ANALYSIS = YES;
				CLANG_WARN_STRICT_PROTOTYPES = YES;
				CLANG_WARN_SUSPICIOUS_MOVE = YES;
				CLANG_WARN_UNGUARDED_AVAILABILITY = YES_AGGRESSIVE;
				CLANG_WARN_UNREACHABLE_CODE = YES;
				CLANG_WARN__DUPLICATE_METHOD_MATCH = YES;
				COPY_PHASE_STRIP = NO;
				DEBUG_INFORMATION_FORMAT = "dwarf-with-dsym";
				ENABLE_NS_ASSERTIONS = NO;
				ENABLE_STRICT_OBJC_MSGSEND = YES;
				GCC_C_LANGUAGE_STANDARD = gnu11;
				GCC_NO_COMMON_BLOCKS = YES;
				GCC_WARN_64_TO_32_BIT_CONVERSION = YES;
				GCC_WARN_ABOUT_RETURN_TYPE = YES_ERROR;
				GCC_WARN_UNDECLARED_SELECTOR = YES;
				GCC_WARN_UNINITIALIZED_AUTOS = YES_AGGRESSIVE;
				GCC_WARN_UNUSED_FUNCTION = YES;
				GCC_WARN_UNUSED_VARIABLE = YES;
				IPHONEOS_DEPLOYMENT_TARGET = 16.0;
				MTL_ENABLE_DEBUG_INFO = NO;
				MTL_FAST_MATH = YES;
				SDKROOT = iphoneos;
				SWIFT_COMPILATION_MODE = wholemodule;
				SWIFT_OPTIMIZATION_LEVEL = "-O";
				VALIDATE_PRODUCT = YES;
			};
			name = Release;
		};
		13C9F1442A73EEA900592359 /* Debug */ = {
			isa = XCBuildConfiguration;
			buildSettings = {
				ASSETCATALOG_COMPILER_APPICON_NAME = AppIcon;
				ASSETCATALOG_COMPILER_GLOBAL_ACCENT_COLOR_NAME = AccentColor;
				CODE_SIGN_STYLE = Automatic;
				CURRENT_PROJECT_VERSION = 1;
				DEVELOPMENT_TEAM = B59JHR63KH;
				GENERATE_INFOPLIST_FILE = YES;
				INFOPLIST_FILE = "Workout/Supporting files/Info.plist";
				INFOPLIST_KEY_UIApplicationSupportsIndirectInputEvents = YES;
				INFOPLIST_KEY_UILaunchStoryboardName = LaunchScreen;
				INFOPLIST_KEY_UISupportedInterfaceOrientations = UIInterfaceOrientationPortrait;
				INFOPLIST_KEY_UISupportedInterfaceOrientations_iPad = "UIInterfaceOrientationLandscapeLeft UIInterfaceOrientationLandscapeRight UIInterfaceOrientationPortrait UIInterfaceOrientationPortraitUpsideDown";
				LD_RUNPATH_SEARCH_PATHS = (
					"$(inherited)",
					"@executable_path/Frameworks",
				);
				MARKETING_VERSION = 1.0;
				PRODUCT_BUNDLE_IDENTIFIER = ns.Workout;
				PRODUCT_NAME = "$(TARGET_NAME)";
				SUPPORTED_PLATFORMS = "iphoneos iphonesimulator";
				SUPPORTS_MACCATALYST = NO;
				SUPPORTS_MAC_DESIGNED_FOR_IPHONE_IPAD = NO;
				SWIFT_EMIT_LOC_STRINGS = YES;
				SWIFT_VERSION = 5.0;
				TARGETED_DEVICE_FAMILY = 1;
			};
			name = Debug;
		};
		13C9F1452A73EEA900592359 /* Release */ = {
			isa = XCBuildConfiguration;
			buildSettings = {
				ASSETCATALOG_COMPILER_APPICON_NAME = AppIcon;
				ASSETCATALOG_COMPILER_GLOBAL_ACCENT_COLOR_NAME = AccentColor;
				CODE_SIGN_STYLE = Automatic;
				CURRENT_PROJECT_VERSION = 1;
				DEVELOPMENT_TEAM = B59JHR63KH;
				GENERATE_INFOPLIST_FILE = YES;
				INFOPLIST_FILE = "Workout/Supporting files/Info.plist";
				INFOPLIST_KEY_UIApplicationSupportsIndirectInputEvents = YES;
				INFOPLIST_KEY_UILaunchStoryboardName = LaunchScreen;
				INFOPLIST_KEY_UISupportedInterfaceOrientations = UIInterfaceOrientationPortrait;
				INFOPLIST_KEY_UISupportedInterfaceOrientations_iPad = "UIInterfaceOrientationLandscapeLeft UIInterfaceOrientationLandscapeRight UIInterfaceOrientationPortrait UIInterfaceOrientationPortraitUpsideDown";
				LD_RUNPATH_SEARCH_PATHS = (
					"$(inherited)",
					"@executable_path/Frameworks",
				);
				MARKETING_VERSION = 1.0;
				PRODUCT_BUNDLE_IDENTIFIER = ns.Workout;
				PRODUCT_NAME = "$(TARGET_NAME)";
				SUPPORTED_PLATFORMS = "iphoneos iphonesimulator";
				SUPPORTS_MACCATALYST = NO;
				SUPPORTS_MAC_DESIGNED_FOR_IPHONE_IPAD = NO;
				SWIFT_EMIT_LOC_STRINGS = YES;
				SWIFT_VERSION = 5.0;
				TARGETED_DEVICE_FAMILY = 1;
			};
			name = Release;
		};
/* End XCBuildConfiguration section */

/* Begin XCConfigurationList section */
		13C9F12A2A73EEA800592359 /* Build configuration list for PBXProject "Workout" */ = {
			isa = XCConfigurationList;
			buildConfigurations = (
				13C9F1412A73EEA900592359 /* Debug */,
				13C9F1422A73EEA900592359 /* Release */,
			);
			defaultConfigurationIsVisible = 0;
			defaultConfigurationName = Release;
		};
		13C9F1432A73EEA900592359 /* Build configuration list for PBXNativeTarget "Workout" */ = {
			isa = XCConfigurationList;
			buildConfigurations = (
				13C9F1442A73EEA900592359 /* Debug */,
				13C9F1452A73EEA900592359 /* Release */,
			);
			defaultConfigurationIsVisible = 0;
			defaultConfigurationName = Release;
		};
/* End XCConfigurationList section */
	};
	rootObject = 13C9F1272A73EEA800592359 /* Project object */;
}
